
Microsoft Visual Studio Solution File, Format Version 12.00
# Visual Studio Version 17
VisualStudioVersion = 17.0.32112.339
MinimumVisualStudioVersion = 10.0.40219.1
Project("{9A19103F-16F7-4668-BE54-9A1E7A4F7556}") = "aol_4", "aol_4\aol_4.csproj", "{4F52B604-4B49-4FEB-BBCA-B7DCA1F4D58F}"
EndProject
Project("{54435603-DBB4-11D2-8724-00A0C9A8B90C}") = "Installer", "Installer\Installer.vdproj", "{52B20422-474D-5734-629F-99A1F7DE9787}"
EndProject
Global
	GlobalSection(SolutionConfigurationPlatforms) = preSolution
		Debug|Any CPU = Debug|Any CPU
		Debug|x64 = Debug|x64
		Release|Any CPU = Release|Any CPU
		Release|x64 = Release|x64
	EndGlobalSection
	GlobalSection(ProjectConfigurationPlatforms) = postSolution
		{4F52B604-4B49-4FEB-BBCA-B7DCA1F4D58F}.Debug|Any CPU.ActiveCfg = Debug|Any CPU
		{4F52B604-4B49-4FEB-BBCA-B7DCA1F4D58F}.Debug|Any CPU.Build.0 = Debug|Any CPU
		{4F52B604-4B49-4FEB-BBCA-B7DCA1F4D58F}.Debug|x64.ActiveCfg = Debug|Any CPU
		{4F52B604-4B49-4FEB-BBCA-B7DCA1F4D58F}.Debug|x64.Build.0 = Debug|Any CPU
		{4F52B604-4B49-4FEB-BBCA-B7DCA1F4D58F}.Release|Any CPU.ActiveCfg = Release|Any CPU
		{4F52B604-4B49-4FEB-BBCA-B7DCA1F4D58F}.Release|Any CPU.Build.0 = Release|Any CPU
		{4F52B604-4B49-4FEB-BBCA-B7DCA1F4D58F}.Release|x64.ActiveCfg = Release|x64
		{4F52B604-4B49-4FEB-BBCA-B7DCA1F4D58F}.Release|x64.Build.0 = Release|x64
		{52B20422-474D-5734-629F-99A1F7DE9787}.Debug|Any CPU.ActiveCfg = Debug
		{52B20422-474D-5734-629F-99A1F7DE9787}.Debug|x64.ActiveCfg = Debug
		{52B20422-474D-5734-629F-99A1F7DE9787}.Release|Any CPU.ActiveCfg = Release
		{52B20422-474D-5734-629F-99A1F7DE9787}.Release|x64.ActiveCfg = Release
	EndGlobalSection
	GlobalSection(SolutionProperties) = preSolution
		HideSolutionNode = FALSE
	EndGlobalSection
	GlobalSection(ExtensibilityGlobals) = postSolution
		SolutionGuid = {699D8CD7-4E5F-4DFA-A77E-6E84B8382DF3}
	EndGlobalSection
EndGlobal
