
Microsoft Visual Studio Solution File, Format Version 12.00
# Visual Studio Version 16
VisualStudioVersion = 16.0.31129.286
MinimumVisualStudioVersion = 10.0.40219.1
Project("{9A19103F-16F7-4668-BE54-9A1E7A4F7556}") = "aol_4", "aol_4\aol_4.csproj", "{4F52B604-4B49-4FEB-BBCA-B7DCA1F4D58F}"
EndProject
Global
	GlobalSection(SolutionConfigurationPlatforms) = preSolution
		Debug|Any CPU = Debug|Any CPU
		Debug|x64 = Debug|x64
		Release|Any CPU = Release|Any CPU
		Release|x64 = Release|x64
	EndGlobalSection
	GlobalSection(ProjectConfigurationPlatforms) = postSolution
		{4F52B604-4B49-4FEB-BBCA-B7DCA1F4D58F}.Debug|Any CPU.ActiveCfg = Debug|Any CPU
		{4F52B604-4B49-4FEB-BBCA-B7DCA1F4D58F}.Debug|Any CPU.Build.0 = Debug|Any CPU
		{4F52B604-4B49-4FEB-BBCA-B7DCA1F4D58F}.Debug|x64.ActiveCfg = Debug|x64
		{4F52B604-4B49-4FEB-BBCA-B7DCA1F4D58F}.Debug|x64.Build.0 = Debug|x64
		{4F52B604-4B49-4FEB-BBCA-B7DCA1F4D58F}.Release|Any CPU.ActiveCfg = Release|Any CPU
		{4F52B604-4B49-4FEB-BBCA-B7DCA1F4D58F}.Release|Any CPU.Build.0 = Release|Any CPU
		{4F52B604-4B49-4FEB-BBCA-B7DCA1F4D58F}.Release|x64.ActiveCfg = Release|x64
		{4F52B604-4B49-4FEB-BBCA-B7DCA1F4D58F}.Release|x64.Build.0 = Release|x64
	EndGlobalSection
	GlobalSection(SolutionProperties) = preSolution
		HideSolutionNode = FALSE
	EndGlobalSection
	GlobalSection(ExtensibilityGlobals) = postSolution
		SolutionGuid = {699D8CD7-4E5F-4DFA-A77E-6E84B8382DF3}
	EndGlobalSection
EndGlobal
