
Microsoft Visual Studio Solution File, Format Version 12.00
# Visual Studio Version 17
VisualStudioVersion = 17.0.32112.339
MinimumVisualStudioVersion = 10.0.40219.1
Project("{9A19103F-16F7-4668-BE54-9A1E7A4F7556}") = "aol_4", "aol_4\aol_4.csproj", "{4F52B604-4B49-4FEB-BBCA-B7DCA1F4D58F}"
EndProject
Project("{FAE04EC0-301F-11D3-BF4B-00C04F79EFBC}") = "Setup", "Installer\Setup.csproj", "{821C4027-466B-4E60-B275-78614D93521E}"
EndProject
Project("{FAE04EC0-301F-11D3-BF4B-00C04F79EFBC}") = "Uninstall", "Uninstall\Uninstall.csproj", "{79EDCB33-95F4-4C85-A8B7-47E942938D02}"
EndProject
Global
	GlobalSection(SolutionConfigurationPlatforms) = preSolution
		Debug|Any CPU = Debug|Any CPU
		Debug|ARM64 = Debug|ARM64
		Debug|x64 = Debug|x64
		Debug|x86 = Debug|x86
		Release|Any CPU = Release|Any CPU
		Release|ARM64 = Release|ARM64
		Release|x64 = Release|x64
		Release|x86 = Release|x86
	EndGlobalSection
	GlobalSection(ProjectConfigurationPlatforms) = postSolution
		{4F52B604-4B49-4FEB-BBCA-B7DCA1F4D58F}.Debug|Any CPU.ActiveCfg = Debug|Any CPU
		{4F52B604-4B49-4FEB-BBCA-B7DCA1F4D58F}.Debug|Any CPU.Build.0 = Debug|Any CPU
		{4F52B604-4B49-4FEB-BBCA-B7DCA1F4D58F}.Debug|ARM64.ActiveCfg = Debug|Any CPU
		{4F52B604-4B49-4FEB-BBCA-B7DCA1F4D58F}.Debug|ARM64.Build.0 = Debug|Any CPU
		{4F52B604-4B49-4FEB-BBCA-B7DCA1F4D58F}.Debug|x64.ActiveCfg = Debug|Any CPU
		{4F52B604-4B49-4FEB-BBCA-B7DCA1F4D58F}.Debug|x64.Build.0 = Debug|Any CPU
		{4F52B604-4B49-4FEB-BBCA-B7DCA1F4D58F}.Debug|x86.ActiveCfg = Debug|Any CPU
		{4F52B604-4B49-4FEB-BBCA-B7DCA1F4D58F}.Debug|x86.Build.0 = Debug|Any CPU
		{4F52B604-4B49-4FEB-BBCA-B7DCA1F4D58F}.Release|Any CPU.ActiveCfg = Release|Any CPU
		{4F52B604-4B49-4FEB-BBCA-B7DCA1F4D58F}.Release|Any CPU.Build.0 = Release|Any CPU
		{4F52B604-4B49-4FEB-BBCA-B7DCA1F4D58F}.Release|ARM64.ActiveCfg = Release|Any CPU
		{4F52B604-4B49-4FEB-BBCA-B7DCA1F4D58F}.Release|ARM64.Build.0 = Release|Any CPU
		{4F52B604-4B49-4FEB-BBCA-B7DCA1F4D58F}.Release|x64.ActiveCfg = Release|x64
		{4F52B604-4B49-4FEB-BBCA-B7DCA1F4D58F}.Release|x64.Build.0 = Release|x64
		{4F52B604-4B49-4FEB-BBCA-B7DCA1F4D58F}.Release|x86.ActiveCfg = Release|Any CPU
		{4F52B604-4B49-4FEB-BBCA-B7DCA1F4D58F}.Release|x86.Build.0 = Release|Any CPU
		{821C4027-466B-4E60-B275-78614D93521E}.Debug|Any CPU.ActiveCfg = Debug|Any CPU
		{821C4027-466B-4E60-B275-78614D93521E}.Debug|Any CPU.Build.0 = Debug|Any CPU
		{821C4027-466B-4E60-B275-78614D93521E}.Debug|ARM64.ActiveCfg = Debug|Any CPU
		{821C4027-466B-4E60-B275-78614D93521E}.Debug|ARM64.Build.0 = Debug|Any CPU
		{821C4027-466B-4E60-B275-78614D93521E}.Debug|x64.ActiveCfg = Debug|Any CPU
		{821C4027-466B-4E60-B275-78614D93521E}.Debug|x64.Build.0 = Debug|Any CPU
		{821C4027-466B-4E60-B275-78614D93521E}.Debug|x86.ActiveCfg = Debug|Any CPU
		{821C4027-466B-4E60-B275-78614D93521E}.Debug|x86.Build.0 = Debug|Any CPU
		{821C4027-466B-4E60-B275-78614D93521E}.Release|Any CPU.ActiveCfg = Release|Any CPU
		{821C4027-466B-4E60-B275-78614D93521E}.Release|Any CPU.Build.0 = Release|Any CPU
		{821C4027-466B-4E60-B275-78614D93521E}.Release|ARM64.ActiveCfg = Release|Any CPU
		{821C4027-466B-4E60-B275-78614D93521E}.Release|ARM64.Build.0 = Release|Any CPU
		{821C4027-466B-4E60-B275-78614D93521E}.Release|x64.ActiveCfg = Release|Any CPU
		{821C4027-466B-4E60-B275-78614D93521E}.Release|x64.Build.0 = Release|Any CPU
		{821C4027-466B-4E60-B275-78614D93521E}.Release|x86.ActiveCfg = Release|Any CPU
		{821C4027-466B-4E60-B275-78614D93521E}.Release|x86.Build.0 = Release|Any CPU
		{79EDCB33-95F4-4C85-A8B7-47E942938D02}.Debug|Any CPU.ActiveCfg = Debug|Any CPU
		{79EDCB33-95F4-4C85-A8B7-47E942938D02}.Debug|Any CPU.Build.0 = Debug|Any CPU
		{79EDCB33-95F4-4C85-A8B7-47E942938D02}.Debug|ARM64.ActiveCfg = Debug|Any CPU
		{79EDCB33-95F4-4C85-A8B7-47E942938D02}.Debug|ARM64.Build.0 = Debug|Any CPU
		{79EDCB33-95F4-4C85-A8B7-47E942938D02}.Debug|x64.ActiveCfg = Debug|Any CPU
		{79EDCB33-95F4-4C85-A8B7-47E942938D02}.Debug|x64.Build.0 = Debug|Any CPU
		{79EDCB33-95F4-4C85-A8B7-47E942938D02}.Debug|x86.ActiveCfg = Debug|Any CPU
		{79EDCB33-95F4-4C85-A8B7-47E942938D02}.Debug|x86.Build.0 = Debug|Any CPU
		{79EDCB33-95F4-4C85-A8B7-47E942938D02}.Release|Any CPU.ActiveCfg = Release|Any CPU
		{79EDCB33-95F4-4C85-A8B7-47E942938D02}.Release|Any CPU.Build.0 = Release|Any CPU
		{79EDCB33-95F4-4C85-A8B7-47E942938D02}.Release|ARM64.ActiveCfg = Release|Any CPU
		{79EDCB33-95F4-4C85-A8B7-47E942938D02}.Release|ARM64.Build.0 = Release|Any CPU
		{79EDCB33-95F4-4C85-A8B7-47E942938D02}.Release|x64.ActiveCfg = Release|Any CPU
		{79EDCB33-95F4-4C85-A8B7-47E942938D02}.Release|x64.Build.0 = Release|Any CPU
		{79EDCB33-95F4-4C85-A8B7-47E942938D02}.Release|x86.ActiveCfg = Release|Any CPU
		{79EDCB33-95F4-4C85-A8B7-47E942938D02}.Release|x86.Build.0 = Release|Any CPU
	EndGlobalSection
	GlobalSection(SolutionProperties) = preSolution
		HideSolutionNode = FALSE
	EndGlobalSection
	GlobalSection(ExtensibilityGlobals) = postSolution
		SolutionGuid = {699D8CD7-4E5F-4DFA-A77E-6E84B8382DF3}
	EndGlobalSection
EndGlobal
