
Microsoft Visual Studio Solution File, Format Version 12.00
# Visual Studio Version 17
VisualStudioVersion = 17.5.002.0
MinimumVisualStudioVersion = 10.0.40219.1
Project("{9A19103F-16F7-4668-BE54-9A1E7A4F7556}") = "aol_4", "aol_4.csproj", "{9BF5416B-022E-42CA-9937-55DC7B019EDC}"
EndProject
Global
	GlobalSection(SolutionConfigurationPlatforms) = preSolution
		Debug|Any CPU = Debug|Any CPU
		Release|Any CPU = Release|Any CPU
	EndGlobalSection
	GlobalSection(ProjectConfigurationPlatforms) = postSolution
		{9BF5416B-022E-42CA-9937-55DC7B019EDC}.Debug|Any CPU.ActiveCfg = Debug|Any CPU
		{9BF5416B-022E-42CA-9937-55DC7B019EDC}.Debug|Any CPU.Build.0 = Debug|Any CPU
		{9BF5416B-022E-42CA-9937-55DC7B019EDC}.Release|Any CPU.ActiveCfg = Release|Any CPU
		{9BF5416B-022E-42CA-9937-55DC7B019EDC}.Release|Any CPU.Build.0 = Release|Any CPU
	EndGlobalSection
	GlobalSection(SolutionProperties) = preSolution
		HideSolutionNode = FALSE
	EndGlobalSection
	GlobalSection(ExtensibilityGlobals) = postSolution
		SolutionGuid = {A1CC8788-A1E8-4FA6-B848-10132EDA33D6}
	EndGlobalSection
EndGlobal
